
Microsoft Visual Studio Solution File, Format Version 12.00
# Visual Studio Version 17
VisualStudioVersion = 17.13.35919.96
MinimumVisualStudioVersion = 10.0.40219.1
Project("{FAE04EC0-301F-11D3-BF4B-00C04F79EFBC}") = "CompanyEmployees", "CompanyEmployees\CompanyEmployees.csproj", "{46269162-2771-483C-BD7D-CC05F09C3981}"
EndProject
Project("{FAE04EC0-301F-11D3-BF4B-00C04F79EFBC}") = "LoggingService", "LoggingService\LoggingService.csproj", "{D1C4732B-639D-4AEE-882E-24EAA70124EC}"
EndProject
Project("{FAE04EC0-301F-11D3-BF4B-00C04F79EFBC}") = "CompanyEmployees.Core.Domain", "CompanyEmployees.Core.Domain\CompanyEmployees.Core.Domain.csproj", "{82FA0942-74BF-4929-9BCD-D26034B1C7AB}"
EndProject
Project("{FAE04EC0-301F-11D3-BF4B-00C04F79EFBC}") = "CompanyEmployees.Infrastructure.Persistence", "CompanyEmployees.Infrastructure.Persistence\CompanyEmployees.Infrastructure.Persistence.csproj", "{247BDA7D-BB55-46B9-9A51-062CEE1ADED7}"
EndProject
Project("{FAE04EC0-301F-11D3-BF4B-00C04F79EFBC}") = "CompanyEmployees.Core.Services.Abstractions", "CompanyEmployees.Core.Services.Abstractions\CompanyEmployees.Core.Services.Abstractions.csproj", "{6461B9CC-66F3-4944-BC57-B7C66DFDA4F5}"
EndProject
Project("{FAE04EC0-301F-11D3-BF4B-00C04F79EFBC}") = "CompanyEmployees.Core.Services", "CompanyEmployees.Core.Services\CompanyEmployees.Core.Services.csproj", "{C72AC3A7-C59B-4472-A091-B9FCBBF7C423}"
EndProject
Project("{FAE04EC0-301F-11D3-BF4B-00C04F79EFBC}") = "CompanyEmployees.Infrastructure.Presentation", "CompanyEmployees.Infrastructure.Presentation\CompanyEmployees.Infrastructure.Presentation.csproj", "{E91020D0-55C7-4D77-9933-2CBE9751412A}"
EndProject
Project("{FAE04EC0-301F-11D3-BF4B-00C04F79EFBC}") = "Shared", "Shared\Shared.csproj", "{134E9C5C-9025-407B-A082-D06F36B83A14}"
EndProject
Global
	GlobalSection(SolutionConfigurationPlatforms) = preSolution
		Debug|Any CPU = Debug|Any CPU
		Release|Any CPU = Release|Any CPU
	EndGlobalSection
	GlobalSection(ProjectConfigurationPlatforms) = postSolution
		{46269162-2771-483C-BD7D-CC05F09C3981}.Debug|Any CPU.ActiveCfg = Debug|Any CPU
		{46269162-2771-483C-BD7D-CC05F09C3981}.Debug|Any CPU.Build.0 = Debug|Any CPU
		{46269162-2771-483C-BD7D-CC05F09C3981}.Release|Any CPU.ActiveCfg = Release|Any CPU
		{46269162-2771-483C-BD7D-CC05F09C3981}.Release|Any CPU.Build.0 = Release|Any CPU
		{D1C4732B-639D-4AEE-882E-24EAA70124EC}.Debug|Any CPU.ActiveCfg = Debug|Any CPU
		{D1C4732B-639D-4AEE-882E-24EAA70124EC}.Debug|Any CPU.Build.0 = Debug|Any CPU
		{D1C4732B-639D-4AEE-882E-24EAA70124EC}.Release|Any CPU.ActiveCfg = Release|Any CPU
		{D1C4732B-639D-4AEE-882E-24EAA70124EC}.Release|Any CPU.Build.0 = Release|Any CPU
		{82FA0942-74BF-4929-9BCD-D26034B1C7AB}.Debug|Any CPU.ActiveCfg = Debug|Any CPU
		{82FA0942-74BF-4929-9BCD-D26034B1C7AB}.Debug|Any CPU.Build.0 = Debug|Any CPU
		{82FA0942-74BF-4929-9BCD-D26034B1C7AB}.Release|Any CPU.ActiveCfg = Release|Any CPU
		{82FA0942-74BF-4929-9BCD-D26034B1C7AB}.Release|Any CPU.Build.0 = Release|Any CPU
		{247BDA7D-BB55-46B9-9A51-062CEE1ADED7}.Debug|Any CPU.ActiveCfg = Debug|Any CPU
		{247BDA7D-BB55-46B9-9A51-062CEE1ADED7}.Debug|Any CPU.Build.0 = Debug|Any CPU
		{247BDA7D-BB55-46B9-9A51-062CEE1ADED7}.Release|Any CPU.ActiveCfg = Release|Any CPU
		{247BDA7D-BB55-46B9-9A51-062CEE1ADED7}.Release|Any CPU.Build.0 = Release|Any CPU
		{6461B9CC-66F3-4944-BC57-B7C66DFDA4F5}.Debug|Any CPU.ActiveCfg = Debug|Any CPU
		{6461B9CC-66F3-4944-BC57-B7C66DFDA4F5}.Debug|Any CPU.Build.0 = Debug|Any CPU
		{6461B9CC-66F3-4944-BC57-B7C66DFDA4F5}.Release|Any CPU.ActiveCfg = Release|Any CPU
		{6461B9CC-66F3-4944-BC57-B7C66DFDA4F5}.Release|Any CPU.Build.0 = Release|Any CPU
		{C72AC3A7-C59B-4472-A091-B9FCBBF7C423}.Debug|Any CPU.ActiveCfg = Debug|Any CPU
		{C72AC3A7-C59B-4472-A091-B9FCBBF7C423}.Debug|Any CPU.Build.0 = Debug|Any CPU
		{C72AC3A7-C59B-4472-A091-B9FCBBF7C423}.Release|Any CPU.ActiveCfg = Release|Any CPU
		{C72AC3A7-C59B-4472-A091-B9FCBBF7C423}.Release|Any CPU.Build.0 = Release|Any CPU
		{E91020D0-55C7-4D77-9933-2CBE9751412A}.Debug|Any CPU.ActiveCfg = Debug|Any CPU
		{E91020D0-55C7-4D77-9933-2CBE9751412A}.Debug|Any CPU.Build.0 = Debug|Any CPU
		{E91020D0-55C7-4D77-9933-2CBE9751412A}.Release|Any CPU.ActiveCfg = Release|Any CPU
		{E91020D0-55C7-4D77-9933-2CBE9751412A}.Release|Any CPU.Build.0 = Release|Any CPU
		{134E9C5C-9025-407B-A082-D06F36B83A14}.Debug|Any CPU.ActiveCfg = Debug|Any CPU
		{134E9C5C-9025-407B-A082-D06F36B83A14}.Debug|Any CPU.Build.0 = Debug|Any CPU
		{134E9C5C-9025-407B-A082-D06F36B83A14}.Release|Any CPU.ActiveCfg = Release|Any CPU
		{134E9C5C-9025-407B-A082-D06F36B83A14}.Release|Any CPU.Build.0 = Release|Any CPU
	EndGlobalSection
	GlobalSection(SolutionProperties) = preSolution
		HideSolutionNode = FALSE
	EndGlobalSection
	GlobalSection(ExtensibilityGlobals) = postSolution
		SolutionGuid = {A5D9B7C1-7121-46C1-8712-A374F51F3A4D}
	EndGlobalSection
EndGlobal
